
Microsoft Visual Studio Solution File, Format Version 11.00
# Visual Studio 2010
Project("{2150E333-8FDC-42A3-9474-1A3956D46DE8}") = "Solution Items", "Solution Items", "{30ABFF7E-8092-4448-ADCA-5BD80A5432C2}"
	ProjectSection(SolutionItems) = preProject
		Local.testsettings = Local.testsettings
		SocialStegoPhoto.vsmdi = SocialStegoPhoto.vsmdi
		TraceAndTestImpact.testsettings = TraceAndTestImpact.testsettings
	EndProjectSection
EndProject
Project("{FAE04EC0-301F-11D3-BF4B-00C04F79EFBC}") = "StegoJpeg", "StegoJpeg\StegoJpeg.csproj", "{2B7CEAE6-D2F8-4F27-8B8B-CFEFB18D727D}"
EndProject
Project("{FAE04EC0-301F-11D3-BF4B-00C04F79EFBC}") = "StegoJpegTests", "StegoJpegTests\StegoJpegTests.csproj", "{CAF3ABAF-53D2-4710-ACA3-7EB895291C0C}"
EndProject
Project("{FAE04EC0-301F-11D3-BF4B-00C04F79EFBC}") = "StegoUI", "StegoUI\StegoUI.csproj", "{9A8D03F7-60CF-4FF0-8EDF-4B640FE25491}"
EndProject
Global
	GlobalSection(TestCaseManagementSettings) = postSolution
		CategoryFile = SocialStegoPhoto.vsmdi
	EndGlobalSection
	GlobalSection(SolutionConfigurationPlatforms) = preSolution
		Debug|Any CPU = Debug|Any CPU
		Debug|Mixed Platforms = Debug|Mixed Platforms
		Debug|x86 = Debug|x86
		Release|Any CPU = Release|Any CPU
		Release|Mixed Platforms = Release|Mixed Platforms
		Release|x86 = Release|x86
	EndGlobalSection
	GlobalSection(ProjectConfigurationPlatforms) = postSolution
		{2B7CEAE6-D2F8-4F27-8B8B-CFEFB18D727D}.Debug|Any CPU.ActiveCfg = Debug|Any CPU
		{2B7CEAE6-D2F8-4F27-8B8B-CFEFB18D727D}.Debug|Any CPU.Build.0 = Debug|Any CPU
		{2B7CEAE6-D2F8-4F27-8B8B-CFEFB18D727D}.Debug|Mixed Platforms.ActiveCfg = Debug|Any CPU
		{2B7CEAE6-D2F8-4F27-8B8B-CFEFB18D727D}.Debug|Mixed Platforms.Build.0 = Debug|Any CPU
		{2B7CEAE6-D2F8-4F27-8B8B-CFEFB18D727D}.Debug|x86.ActiveCfg = Debug|Any CPU
		{2B7CEAE6-D2F8-4F27-8B8B-CFEFB18D727D}.Release|Any CPU.ActiveCfg = Release|Any CPU
		{2B7CEAE6-D2F8-4F27-8B8B-CFEFB18D727D}.Release|Any CPU.Build.0 = Release|Any CPU
		{2B7CEAE6-D2F8-4F27-8B8B-CFEFB18D727D}.Release|Mixed Platforms.ActiveCfg = Release|Any CPU
		{2B7CEAE6-D2F8-4F27-8B8B-CFEFB18D727D}.Release|Mixed Platforms.Build.0 = Release|Any CPU
		{2B7CEAE6-D2F8-4F27-8B8B-CFEFB18D727D}.Release|x86.ActiveCfg = Release|Any CPU
		{CAF3ABAF-53D2-4710-ACA3-7EB895291C0C}.Debug|Any CPU.ActiveCfg = Debug|Any CPU
		{CAF3ABAF-53D2-4710-ACA3-7EB895291C0C}.Debug|Any CPU.Build.0 = Debug|Any CPU
		{CAF3ABAF-53D2-4710-ACA3-7EB895291C0C}.Debug|Mixed Platforms.ActiveCfg = Debug|Any CPU
		{CAF3ABAF-53D2-4710-ACA3-7EB895291C0C}.Debug|Mixed Platforms.Build.0 = Debug|Any CPU
		{CAF3ABAF-53D2-4710-ACA3-7EB895291C0C}.Debug|x86.ActiveCfg = Debug|Any CPU
		{CAF3ABAF-53D2-4710-ACA3-7EB895291C0C}.Release|Any CPU.ActiveCfg = Release|Any CPU
		{CAF3ABAF-53D2-4710-ACA3-7EB895291C0C}.Release|Any CPU.Build.0 = Release|Any CPU
		{CAF3ABAF-53D2-4710-ACA3-7EB895291C0C}.Release|Mixed Platforms.ActiveCfg = Release|Any CPU
		{CAF3ABAF-53D2-4710-ACA3-7EB895291C0C}.Release|Mixed Platforms.Build.0 = Release|Any CPU
		{CAF3ABAF-53D2-4710-ACA3-7EB895291C0C}.Release|x86.ActiveCfg = Release|Any CPU
		{9A8D03F7-60CF-4FF0-8EDF-4B640FE25491}.Debug|Any CPU.ActiveCfg = Debug|x86
		{9A8D03F7-60CF-4FF0-8EDF-4B640FE25491}.Debug|Mixed Platforms.ActiveCfg = Debug|x86
		{9A8D03F7-60CF-4FF0-8EDF-4B640FE25491}.Debug|Mixed Platforms.Build.0 = Debug|x86
		{9A8D03F7-60CF-4FF0-8EDF-4B640FE25491}.Debug|x86.ActiveCfg = Debug|x86
		{9A8D03F7-60CF-4FF0-8EDF-4B640FE25491}.Debug|x86.Build.0 = Debug|x86
		{9A8D03F7-60CF-4FF0-8EDF-4B640FE25491}.Release|Any CPU.ActiveCfg = Release|x86
		{9A8D03F7-60CF-4FF0-8EDF-4B640FE25491}.Release|Mixed Platforms.ActiveCfg = Release|x86
		{9A8D03F7-60CF-4FF0-8EDF-4B640FE25491}.Release|Mixed Platforms.Build.0 = Release|x86
		{9A8D03F7-60CF-4FF0-8EDF-4B640FE25491}.Release|x86.ActiveCfg = Release|x86
		{9A8D03F7-60CF-4FF0-8EDF-4B640FE25491}.Release|x86.Build.0 = Release|x86
	EndGlobalSection
	GlobalSection(SolutionProperties) = preSolution
		HideSolutionNode = FALSE
	EndGlobalSection
EndGlobal
